
Microsoft Visual Studio Solution File, Format Version 12.00
# Visual Studio Version 16
VisualStudioVersion = 16.0.29709.97
MinimumVisualStudioVersion = 10.0.40219.1
Project("{FAE04EC0-301F-11D3-BF4B-00C04F79EFBC}") = "ComparisionDelegate", "ComparisionDelegate\ComparisionDelegate.csproj", "{3F4C3B66-9677-4746-B012-E6C7A33B8E7D}"
EndProject
Global
	GlobalSection(SolutionConfigurationPlatforms) = preSolution
		Debug|Any CPU = Debug|Any CPU
		Release|Any CPU = Release|Any CPU
	EndGlobalSection
	GlobalSection(ProjectConfigurationPlatforms) = postSolution
		{3F4C3B66-9677-4746-B012-E6C7A33B8E7D}.Debug|Any CPU.ActiveCfg = Debug|Any CPU
		{3F4C3B66-9677-4746-B012-E6C7A33B8E7D}.Debug|Any CPU.Build.0 = Debug|Any CPU
		{3F4C3B66-9677-4746-B012-E6C7A33B8E7D}.Release|Any CPU.ActiveCfg = Release|Any CPU
		{3F4C3B66-9677-4746-B012-E6C7A33B8E7D}.Release|Any CPU.Build.0 = Release|Any CPU
	EndGlobalSection
	GlobalSection(SolutionProperties) = preSolution
		HideSolutionNode = FALSE
	EndGlobalSection
	GlobalSection(ExtensibilityGlobals) = postSolution
		SolutionGuid = {469D1052-3A0D-450B-B724-CAB6DA857759}
	EndGlobalSection
EndGlobal
